
Microsoft Visual Studio Solution File, Format Version 12.00
# Visual Studio Version 17
VisualStudioVersion = 17.2.32414.248
MinimumVisualStudioVersion = 10.0.40219.1
Project("{9A19103F-16F7-4668-BE54-9A1E7A4F7556}") = "Cal.Blazor", "Cal.Blazor\Cal.Blazor.csproj", "{DD8232F1-A88F-4D09-8756-53DC58901214}"
EndProject
Project("{9A19103F-16F7-4668-BE54-9A1E7A4F7556}") = "Cal.Api", "Cal.Api\Cal.Api.csproj", "{CC4A89DE-E57E-4A23-82D1-D0F42C36A5E2}"
EndProject
Project("{9A19103F-16F7-4668-BE54-9A1E7A4F7556}") = "Cal.Shared", "Cal.Shared\Cal.Shared.csproj", "{AAE106C9-0672-4B5D-BDE3-672453C48959}"
EndProject
Global
	GlobalSection(SolutionConfigurationPlatforms) = preSolution
		Debug|Any CPU = Debug|Any CPU
		Release|Any CPU = Release|Any CPU
	EndGlobalSection
	GlobalSection(ProjectConfigurationPlatforms) = postSolution
		{DD8232F1-A88F-4D09-8756-53DC58901214}.Debug|Any CPU.ActiveCfg = Debug|Any CPU
		{DD8232F1-A88F-4D09-8756-53DC58901214}.Debug|Any CPU.Build.0 = Debug|Any CPU
		{DD8232F1-A88F-4D09-8756-53DC58901214}.Release|Any CPU.ActiveCfg = Release|Any CPU
		{DD8232F1-A88F-4D09-8756-53DC58901214}.Release|Any CPU.Build.0 = Release|Any CPU
		{CC4A89DE-E57E-4A23-82D1-D0F42C36A5E2}.Debug|Any CPU.ActiveCfg = Debug|Any CPU
		{CC4A89DE-E57E-4A23-82D1-D0F42C36A5E2}.Debug|Any CPU.Build.0 = Debug|Any CPU
		{CC4A89DE-E57E-4A23-82D1-D0F42C36A5E2}.Release|Any CPU.ActiveCfg = Release|Any CPU
		{CC4A89DE-E57E-4A23-82D1-D0F42C36A5E2}.Release|Any CPU.Build.0 = Release|Any CPU
		{AAE106C9-0672-4B5D-BDE3-672453C48959}.Debug|Any CPU.ActiveCfg = Debug|Any CPU
		{AAE106C9-0672-4B5D-BDE3-672453C48959}.Debug|Any CPU.Build.0 = Debug|Any CPU
		{AAE106C9-0672-4B5D-BDE3-672453C48959}.Release|Any CPU.ActiveCfg = Release|Any CPU
		{AAE106C9-0672-4B5D-BDE3-672453C48959}.Release|Any CPU.Build.0 = Release|Any CPU
	EndGlobalSection
	GlobalSection(SolutionProperties) = preSolution
		HideSolutionNode = FALSE
	EndGlobalSection
	GlobalSection(ExtensibilityGlobals) = postSolution
		SolutionGuid = {A34A0519-7F59-4516-9393-AD782C7D1395}
	EndGlobalSection
EndGlobal
